Microsoft Visual Studio Solution File, Format Version 12.00
# Visual Studio Version 17
VisualStudioVersion = 17.5.2.0
MinimumVisualStudioVersion = 10.0.40219.1
Project("{2150E333-8FDC-42A3-9474-1A3956D46DE8}") = "sidecars", "sidecars", "{8C70B53E-D90D-C994-2E6E-D43014137C58}"
EndProject
Project("{2150E333-8FDC-42A3-9474-1A3956D46DE8}") = "win32", "win32", "{0D89608B-F73D-9AE6-E718-52D37A24035A}"
EndProject
Project("{FAE04EC0-301F-11D3-BF4B-00C04F79EFBC}") = "sable-notify", "sidecars\win32\sable-notify\sable-notify.csproj", "{FE1CB9F7-49E0-7C2C-85F1-30D13C2FE091}"
EndProject
Global
	GlobalSection(SolutionConfigurationPlatforms) = preSolution
		Debug|Any CPU = Debug|Any CPU
		Release|Any CPU = Release|Any CPU
	EndGlobalSection
	GlobalSection(ProjectConfigurationPlatforms) = postSolution
		{FE1CB9F7-49E0-7C2C-85F1-30D13C2FE091}.Debug|Any CPU.ActiveCfg = Debug|Any CPU
		{FE1CB9F7-49E0-7C2C-85F1-30D13C2FE091}.Debug|Any CPU.Build.0 = Debug|Any CPU
		{FE1CB9F7-49E0-7C2C-85F1-30D13C2FE091}.Release|Any CPU.ActiveCfg = Release|Any CPU
		{FE1CB9F7-49E0-7C2C-85F1-30D13C2FE091}.Release|Any CPU.Build.0 = Release|Any CPU
	EndGlobalSection
	GlobalSection(SolutionProperties) = preSolution
		HideSolutionNode = FALSE
	EndGlobalSection
	GlobalSection(NestedProjects) = preSolution
		{0D89608B-F73D-9AE6-E718-52D37A24035A} = {8C70B53E-D90D-C994-2E6E-D43014137C58}
		{FE1CB9F7-49E0-7C2C-85F1-30D13C2FE091} = {0D89608B-F73D-9AE6-E718-52D37A24035A}
	EndGlobalSection
	GlobalSection(ExtensibilityGlobals) = postSolution
		SolutionGuid = {5364EF66-7DB9-4484-A359-164DA8DCDAF9}
	EndGlobalSection
EndGlobal
